<?xml version="1.0" encoding="utf-8"?>
<Project ToolsVersion="4.0" xmlns="http://schemas.microsoft.com/developer/msbuild/2003">
  <ItemGroup>
    <Filter Include="Source Files">
      <UniqueIdentifier>{4FC737F1-C7A5-4376-A066-2A32D752A2FF}</UniqueIdentifier>
      <Extensions>cpp;c;cc;cxx;def;odl;idl;hpj;bat;asm;asmx</Extensions>
    </Filter>
    <Filter Include="Header Files">
      <UniqueIdentifier>{93995380-89BD-4b04-88EB-625FBE52EBFB}</UniqueIdentifier>
      <Extensions>h;hh;hpp;hxx;hm;inl;inc;xsd</Extensions>
    </Filter>
    <Filter Include="Resource Files">
      <UniqueIdentifier>{67DA6AB6-F800-4c08-8B7A-83BB121AAD01}</UniqueIdentifier>
      <Extensions>rc;ico;cur;bmp;dlg;rc2;rct;bin;rgs;gif;jpg;jpeg;jpe;resx;tiff;tif;png;wav;mfcribbon-ms</Extensions>
    </Filter>
    <Filter Include="Form Files">
      <UniqueIdentifier>{99349809-55BA-4b9d-BF79-8FDBB0286EB3}</UniqueIdentifier>
      <Extensions>ui</Extensions>
    </Filter>
    <Filter Include="Resource Files">
      <UniqueIdentifier>{D9D6E242-F8AF-46E4-B9FD-80ECBC20BA3E}</UniqueIdentifier>
      <Extensions>qrc;*</Extensions>
      <ParseFiles>false</ParseFiles>
    </Filter>
    <Filter Include="Header Files\UI">
      <UniqueIdentifier>{fb7c249c-5820-446b-af21-f678fb51ab1f}</UniqueIdentifier>
    </Filter>
    <Filter Include="Source Files\UI">
      <UniqueIdentifier>{11b9dabf-225a-4345-b79b-23b44db59e4c}</UniqueIdentifier>
    </Filter>
    <Filter Include="Header Files\Device">
      <UniqueIdentifier>{d6b0b465-5680-4471-af57-2ef381afdc17}</UniqueIdentifier>
    </Filter>
    <Filter Include="Source Files\Device">
      <UniqueIdentifier>{ae3d5f54-b403-43f8-8956-41b3e8aa2b26}</UniqueIdentifier>
    </Filter>
    <Filter Include="Header Files\Device\Camera">
      <UniqueIdentifier>{fc1097d7-6ed2-41c0-93b4-94886d5f71ce}</UniqueIdentifier>
    </Filter>
    <Filter Include="Source Files\Device\Camera">
      <UniqueIdentifier>{9937d4d0-3ce2-4ad5-8ddd-9fb92d248e25}</UniqueIdentifier>
    </Filter>
    <Filter Include="Header Files\View">
      <UniqueIdentifier>{076d9ff6-11c0-4470-8221-ea677ff72447}</UniqueIdentifier>
    </Filter>
    <Filter Include="Source Files\View">
      <UniqueIdentifier>{4eaa2a1d-5283-4c2e-8d23-e551cf8e0eb2}</UniqueIdentifier>
    </Filter>
    <Filter Include="Header Files\View\ImageView">
      <UniqueIdentifier>{3c6550cc-2bf9-47a8-864d-335e7757b7da}</UniqueIdentifier>
    </Filter>
    <Filter Include="Source Files\View\ImageView">
      <UniqueIdentifier>{f0ab88b8-4723-4309-8e23-0f696f1d9a81}</UniqueIdentifier>
    </Filter>
  </ItemGroup>
  <ItemGroup>
    <QtRcc Include="angstrong.qrc">
      <Filter>Resource Files</Filter>
    </QtRcc>
    <QtMoc Include="angstrong.h">
      <Filter>Header Files</Filter>
    </QtMoc>
    <ClCompile Include="angstrong.cpp">
      <Filter>Source Files</Filter>
    </ClCompile>
  </ItemGroup>
  <ItemGroup>
    <ClCompile Include="main.cpp">
      <Filter>Source Files</Filter>
    </ClCompile>
    <ClCompile Include="titlebar.cpp">
      <Filter>Source Files\UI</Filter>
    </ClCompile>
    <ClCompile Include="widgetui.cpp">
      <Filter>Source Files\UI</Filter>
    </ClCompile>
    <ClCompile Include="CameraDS.cpp">
      <Filter>Source Files\Device\Camera</Filter>
    </ClCompile>
    <ClCompile Include="graphicsrectitem.cpp">
      <Filter>Source Files\View\ImageView</Filter>
    </ClCompile>
    <ClCompile Include="imageview.cpp">
      <Filter>Source Files\View\ImageView</Filter>
    </ClCompile>
    <ClCompile Include="imageview_qview.cpp">
      <Filter>Source Files\View\ImageView</Filter>
    </ClCompile>
    <ClCompile Include="imageview_qscene.cpp">
      <Filter>Source Files\View\ImageView</Filter>
    </ClCompile>
    <ClCompile Include="imageview_qpixmap.cpp">
      <Filter>Source Files\View\ImageView</Filter>
    </ClCompile>
    <ClCompile Include="imageview_qstatusbar.cpp">
      <Filter>Source Files\View\ImageView</Filter>
    </ClCompile>
    <ClCompile Include="imageview_qtitlebar.cpp">
      <Filter>Source Files\View\ImageView</Filter>
    </ClCompile>
    <ClCompile Include="imageview_qtoolbar.cpp">
      <Filter>Source Files\View\ImageView</Filter>
    </ClCompile>
  </ItemGroup>
  <ItemGroup>
    <QtUic Include="angstrong.ui">
      <Filter>Form Files</Filter>
    </QtUic>
    <QtUic Include="titlebar.ui">
      <Filter>Form Files</Filter>
    </QtUic>
    <QtUic Include="widgetui.ui">
      <Filter>Form Files</Filter>
    </QtUic>
    <QtUic Include="imageview.ui">
      <Filter>Form Files</Filter>
    </QtUic>
    <QtUic Include="imageview_qtoolbar.ui">
      <Filter>Form Files</Filter>
    </QtUic>
  </ItemGroup>
  <ItemGroup>
    <QtMoc Include="widgetui.h">
      <Filter>Header Files\UI</Filter>
    </QtMoc>
    <QtMoc Include="titlebar.h">
      <Filter>Header Files\UI</Filter>
    </QtMoc>
    <QtMoc Include="graphicsrectitem.h">
      <Filter>Header Files\View\ImageView</Filter>
    </QtMoc>
    <QtMoc Include="imageview.h">
      <Filter>Header Files\View\ImageView</Filter>
    </QtMoc>
    <QtMoc Include="imageview_qscene.h">
      <Filter>Header Files\View\ImageView</Filter>
    </QtMoc>
    <QtMoc Include="imageview_qpixmap.h">
      <Filter>Header Files\View\ImageView</Filter>
    </QtMoc>
    <QtMoc Include="imageview_qview.h">
      <Filter>Header Files\View\ImageView</Filter>
    </QtMoc>
    <QtMoc Include="imageview_qtoolbar.h">
      <Filter>Header Files\View\ImageView</Filter>
    </QtMoc>
    <QtMoc Include="imageview_qtitlebar.h">
      <Filter>Header Files\View\ImageView</Filter>
    </QtMoc>
    <QtMoc Include="imageview_qstatusbar.h">
      <Filter>Header Files\View\ImageView</Filter>
    </QtMoc>
  </ItemGroup>
  <ItemGroup>
    <ClInclude Include="CameraDS.h">
      <Filter>Header Files\Device\Camera</Filter>
    </ClInclude>
    <ClInclude Include="definitionmenu.h">
      <Filter>Header Files\View\ImageView</Filter>
    </ClInclude>
  </ItemGroup>
</Project>