<?xml version="1.0" encoding="utf-8"?>
<Project ToolsVersion="4.0" xmlns="http://schemas.microsoft.com/developer/msbuild/2003">
  <ItemGroup>
    <Filter Include="Source Files">
      <UniqueIdentifier>{4FC737F1-C7A5-4376-A066-2A32D752A2FF}</UniqueIdentifier>
      <Extensions>cpp;c;cc;cxx;def;odl;idl;hpj;bat;asm;asmx</Extensions>
    </Filter>
    <Filter Include="Header Files">
      <UniqueIdentifier>{93995380-89BD-4b04-88EB-625FBE52EBFB}</UniqueIdentifier>
      <Extensions>h;hh;hpp;hxx;hm;inl;inc;xsd</Extensions>
    </Filter>
    <Filter Include="Resource Files">
      <UniqueIdentifier>{67DA6AB6-F800-4c08-8B7A-83BB121AAD01}</UniqueIdentifier>
      <Extensions>rc;ico;cur;bmp;dlg;rc2;rct;bin;rgs;gif;jpg;jpeg;jpe;resx;tiff;tif;png;wav;mfcribbon-ms</Extensions>
    </Filter>
    <Filter Include="Form Files">
      <UniqueIdentifier>{99349809-55BA-4b9d-BF79-8FDBB0286EB3}</UniqueIdentifier>
      <Extensions>ui</Extensions>
    </Filter>
    <Filter Include="Resource Files">
      <UniqueIdentifier>{D9D6E242-F8AF-46E4-B9FD-80ECBC20BA3E}</UniqueIdentifier>
      <Extensions>qrc;*</Extensions>
      <ParseFiles>false</ParseFiles>
    </Filter>
    <Filter Include="Header Files\UI">
      <UniqueIdentifier>{fb7c249c-5820-446b-af21-f678fb51ab1f}</UniqueIdentifier>
    </Filter>
    <Filter Include="Source Files\UI">
      <UniqueIdentifier>{11b9dabf-225a-4345-b79b-23b44db59e4c}</UniqueIdentifier>
    </Filter>
    <Filter Include="Header Files\Device">
      <UniqueIdentifier>{d6b0b465-5680-4471-af57-2ef381afdc17}</UniqueIdentifier>
    </Filter>
    <Filter Include="Source Files\Device">
      <UniqueIdentifier>{ae3d5f54-b403-43f8-8956-41b3e8aa2b26}</UniqueIdentifier>
    </Filter>
    <Filter Include="Header Files\Device\Camera">
      <UniqueIdentifier>{fc1097d7-6ed2-41c0-93b4-94886d5f71ce}</UniqueIdentifier>
    </Filter>
    <Filter Include="Source Files\Device\Camera">
      <UniqueIdentifier>{9937d4d0-3ce2-4ad5-8ddd-9fb92d248e25}</UniqueIdentifier>
    </Filter>
    <Filter Include="Header Files\View">
      <UniqueIdentifier>{076d9ff6-11c0-4470-8221-ea677ff72447}</UniqueIdentifier>
    </Filter>
    <Filter Include="Source Files\View">
      <UniqueIdentifier>{4eaa2a1d-5283-4c2e-8d23-e551cf8e0eb2}</UniqueIdentifier>
    </Filter>
    <Filter Include="Header Files\View\ImageView">
      <UniqueIdentifier>{3c6550cc-2bf9-47a8-864d-335e7757b7da}</UniqueIdentifier>
    </Filter>
    <Filter Include="Source Files\View\ImageView">
      <UniqueIdentifier>{f0ab88b8-4723-4309-8e23-0f696f1d9a81}</UniqueIdentifier>
    </Filter>
    <Filter Include="Header Files\Model">
      <UniqueIdentifier>{72d9b4f7-239e-4bde-ab41-3d76738a3bcf}</UniqueIdentifier>
    </Filter>
    <Filter Include="Source Files\Model">
      <UniqueIdentifier>{7c8eda05-65ad-447c-8214-5177a25610fd}</UniqueIdentifier>
    </Filter>
    <Filter Include="Header Files\Device\USBDevice">
      <UniqueIdentifier>{0c7614f6-e426-45b1-b973-147f312cbbad}</UniqueIdentifier>
    </Filter>
    <Filter Include="Source Files\Device\USBDevice">
      <UniqueIdentifier>{5dcd6295-0878-4176-aa24-81bfc36d7ad2}</UniqueIdentifier>
    </Filter>
    <Filter Include="Header Files\EventHandler">
      <UniqueIdentifier>{a70e75ac-951a-4466-847e-f680617815c5}</UniqueIdentifier>
    </Filter>
    <Filter Include="Source Files\EventHandler">
      <UniqueIdentifier>{d1910f8f-be67-40ba-9b36-161432729544}</UniqueIdentifier>
    </Filter>
    <Filter Include="Source Files\Thread">
      <UniqueIdentifier>{78bca589-c30f-468f-8130-fa2c432f9958}</UniqueIdentifier>
    </Filter>
    <Filter Include="Header Files\Thread">
      <UniqueIdentifier>{cc71e9eb-b226-4b8f-b00b-af1609ec9211}</UniqueIdentifier>
    </Filter>
    <Filter Include="Header Files\XM">
      <UniqueIdentifier>{fff34605-bb7b-4292-afe2-408744f13092}</UniqueIdentifier>
    </Filter>
    <Filter Include="Source Files\XM">
      <UniqueIdentifier>{f937ad79-1cc6-4922-b11f-17188c50df49}</UniqueIdentifier>
    </Filter>
  </ItemGroup>
  <ItemGroup>
    <QtRcc Include="angstrong.qrc">
      <Filter>Resource Files</Filter>
    </QtRcc>
    <QtMoc Include="angstrong.h">
      <Filter>Header Files</Filter>
    </QtMoc>
    <ClCompile Include="angstrong.cpp">
      <Filter>Source Files</Filter>
    </ClCompile>
  </ItemGroup>
  <ItemGroup>
    <ClCompile Include="main.cpp">
      <Filter>Source Files</Filter>
    </ClCompile>
    <ClCompile Include="titlebar.cpp">
      <Filter>Source Files\UI</Filter>
    </ClCompile>
    <ClCompile Include="widgetui.cpp">
      <Filter>Source Files\UI</Filter>
    </ClCompile>
    <ClCompile Include="CameraDS.cpp">
      <Filter>Source Files\Device\Camera</Filter>
    </ClCompile>
    <ClCompile Include="graphicsrectitem.cpp">
      <Filter>Source Files\View\ImageView</Filter>
    </ClCompile>
    <ClCompile Include="imageview.cpp">
      <Filter>Source Files\View\ImageView</Filter>
    </ClCompile>
    <ClCompile Include="imageview_qview.cpp">
      <Filter>Source Files\View\ImageView</Filter>
    </ClCompile>
    <ClCompile Include="imageview_qscene.cpp">
      <Filter>Source Files\View\ImageView</Filter>
    </ClCompile>
    <ClCompile Include="imageview_qpixmap.cpp">
      <Filter>Source Files\View\ImageView</Filter>
    </ClCompile>
    <ClCompile Include="imageview_qstatusbar.cpp">
      <Filter>Source Files\View\ImageView</Filter>
    </ClCompile>
    <ClCompile Include="imageview_qtitlebar.cpp">
      <Filter>Source Files\View\ImageView</Filter>
    </ClCompile>
    <ClCompile Include="imageview_qtoolbar.cpp">
      <Filter>Source Files\View\ImageView</Filter>
    </ClCompile>
    <ClCompile Include="modelparameter.cpp">
      <Filter>Source Files\Model</Filter>
    </ClCompile>
    <ClCompile Include="EnumSerial.cpp">
      <Filter>Source Files\Device\USBDevice</Filter>
    </ClCompile>
    <ClCompile Include="logmanager.cpp">
      <Filter>Source Files\Model</Filter>
    </ClCompile>
    <ClCompile Include="displayview.cpp">
      <Filter>Source Files\View</Filter>
    </ClCompile>
    <ClCompile Include="eventhandler.cpp">
      <Filter>Source Files\EventHandler</Filter>
    </ClCompile>
    <ClCompile Include="eventhandler_grabimage.cpp">
      <Filter>Source Files\EventHandler</Filter>
    </ClCompile>
    <ClCompile Include="event_handler_mai.cpp">
      <Filter>Source Files</Filter>
    </ClCompile>
    <ClCompile Include="HalerThread.cpp">
      <Filter>Source Files\Thread</Filter>
    </ClCompile>
    <ClCompile Include="..\xmodemV2\comm.c">
      <Filter>Source Files\XM</Filter>
    </ClCompile>
    <ClCompile Include="..\xmodemV2\utilcom.c">
      <Filter>Source Files\XM</Filter>
    </ClCompile>
    <ClCompile Include="..\xmodemV2\otp_interface.cpp">
      <Filter>Source Files\XM</Filter>
    </ClCompile>
    <ClCompile Include="..\xmodemV2\xmodem.c">
      <Filter>Source Files\XM</Filter>
    </ClCompile>
  </ItemGroup>
  <ItemGroup>
    <QtUic Include="angstrong.ui">
      <Filter>Form Files</Filter>
    </QtUic>
    <QtUic Include="titlebar.ui">
      <Filter>Form Files</Filter>
    </QtUic>
    <QtUic Include="widgetui.ui">
      <Filter>Form Files</Filter>
    </QtUic>
    <QtUic Include="imageview.ui">
      <Filter>Form Files</Filter>
    </QtUic>
    <QtUic Include="imageview_qtoolbar.ui">
      <Filter>Form Files</Filter>
    </QtUic>
    <QtUic Include="displayview.ui">
      <Filter>Form Files</Filter>
    </QtUic>
  </ItemGroup>
  <ItemGroup>
    <QtMoc Include="widgetui.h">
      <Filter>Header Files\UI</Filter>
    </QtMoc>
    <QtMoc Include="titlebar.h">
      <Filter>Header Files\UI</Filter>
    </QtMoc>
    <QtMoc Include="graphicsrectitem.h">
      <Filter>Header Files\View\ImageView</Filter>
    </QtMoc>
    <QtMoc Include="imageview.h">
      <Filter>Header Files\View\ImageView</Filter>
    </QtMoc>
    <QtMoc Include="imageview_qscene.h">
      <Filter>Header Files\View\ImageView</Filter>
    </QtMoc>
    <QtMoc Include="imageview_qpixmap.h">
      <Filter>Header Files\View\ImageView</Filter>
    </QtMoc>
    <QtMoc Include="imageview_qview.h">
      <Filter>Header Files\View\ImageView</Filter>
    </QtMoc>
    <QtMoc Include="imageview_qtoolbar.h">
      <Filter>Header Files\View\ImageView</Filter>
    </QtMoc>
    <QtMoc Include="imageview_qtitlebar.h">
      <Filter>Header Files\View\ImageView</Filter>
    </QtMoc>
    <QtMoc Include="imageview_qstatusbar.h">
      <Filter>Header Files\View\ImageView</Filter>
    </QtMoc>
    <QtMoc Include="displayview.h">
      <Filter>Header Files\View</Filter>
    </QtMoc>
    <QtMoc Include="eventhandler_grabimage.h">
      <Filter>Header Files\EventHandler</Filter>
    </QtMoc>
    <QtMoc Include="event_handler_mai.h">
      <Filter>Header Files</Filter>
    </QtMoc>
  </ItemGroup>
  <ItemGroup>
    <ClInclude Include="CameraDS.h">
      <Filter>Header Files\Device\Camera</Filter>
    </ClInclude>
    <ClInclude Include="definitionmenu.h">
      <Filter>Header Files\View\ImageView</Filter>
    </ClInclude>
    <ClInclude Include="definition_camera.h">
      <Filter>Header Files</Filter>
    </ClInclude>
    <ClInclude Include="modelparameter.h">
      <Filter>Header Files\Model</Filter>
    </ClInclude>
    <ClInclude Include="EnumSerial.h">
      <Filter>Header Files\Device\USBDevice</Filter>
    </ClInclude>
    <ClInclude Include="logmanager.h">
      <Filter>Header Files\Model</Filter>
    </ClInclude>
    <ClInclude Include="eventhandler.h">
      <Filter>Header Files\EventHandler</Filter>
    </ClInclude>
    <ClInclude Include="definition_thread.h">
      <Filter>Header Files\Thread</Filter>
    </ClInclude>
    <ClInclude Include="HalerThread.h">
      <Filter>Header Files\Thread</Filter>
    </ClInclude>
    <ClInclude Include="HalerThreadDefinition.h">
      <Filter>Header Files\Thread</Filter>
    </ClInclude>
    <ClInclude Include="..\xmodemV2\comm.h">
      <Filter>Header Files\XM</Filter>
    </ClInclude>
    <ClInclude Include="..\xmodemV2\data_type.h">
      <Filter>Header Files\XM</Filter>
    </ClInclude>
    <ClInclude Include="..\xmodemV2\otp_interface.h">
      <Filter>Header Files\XM</Filter>
    </ClInclude>
    <ClInclude Include="..\xmodemV2\utilcom.h">
      <Filter>Header Files\XM</Filter>
    </ClInclude>
    <ClInclude Include="..\xmodemV2\xmodem.h">
      <Filter>Header Files\XM</Filter>
    </ClInclude>
  </ItemGroup>
  <ItemGroup>
    <ResourceCompile Include="AngStrong.rc">
      <Filter>Resource Files</Filter>
    </ResourceCompile>
  </ItemGroup>
</Project>